
Microsoft Visual Studio Solution File, Format Version 12.00
# Visual Studio Version 17
VisualStudioVersion = 17.0.31919.166
MinimumVisualStudioVersion = 10.0.40219.1
Project("{2150E333-8FDC-42A3-9474-1A3956D46DE8}") = "Channels", "Channels", "{4BD46F6F-FB2E-4FA8-831D-9D6F08E7647D}"
EndProject
Project("{9A19103F-16F7-4668-BE54-9A1E7A4F7556}") = "n0tFlix.Channel.NRK", "Channels\n0tFlix.Channel.NRK\n0tFlix.Channel.NRK.csproj", "{35C9E38E-E99B-4DD9-AF0E-E6BEF72D5DBB}"
EndProject
Project("{2150E333-8FDC-42A3-9474-1A3956D46DE8}") = "Templates", "Templates", "{FDD88DBA-5AE5-4CE9-A0C2-A0FB46E36BED}"
EndProject
Project("{9A19103F-16F7-4668-BE54-9A1E7A4F7556}") = "n0tFlix.Channel.Name", "Templates\n0tFlix.Channel.Name\n0tFlix.Channel.Name.csproj", "{72E715FD-62CC-4F3E-9B53-C110558EE311}"
EndProject
Project("{9A19103F-16F7-4668-BE54-9A1E7A4F7556}") = "n0tFlix.Channel.Viafree", "Channels\n0tFlix.Channel.Viafree\n0tFlix.Channel.Viafree.csproj", "{C6E7B9C1-F2AB-4BC1-8CAD-675BC358B145}"
EndProject
Project("{9A19103F-16F7-4668-BE54-9A1E7A4F7556}") = "n0tFlix.Channel.TubiTV", "Channels\n0tFlix.Channel.TubiTV\n0tFlix.Channel.TubiTV.csproj", "{1991600F-744B-4832-A207-1A0C58C5848C}"
EndProject
Project("{2150E333-8FDC-42A3-9474-1A3956D46DE8}") = "Subtitles", "Subtitles", "{40E0037A-EBCF-4CD7-B1BA-C622E9622B6E}"
EndProject
Project("{9A19103F-16F7-4668-BE54-9A1E7A4F7556}") = "n0tFlix.Subtitles.Yify", "Subtitles\n0tFlix.Subtitles.Yify\n0tFlix.Subtitles.Yify.csproj", "{7C4787EB-88DE-4ADD-9089-7EAB8EA3D84F}"
EndProject
Project("{9A19103F-16F7-4668-BE54-9A1E7A4F7556}") = "n0tFlix.Subtitles.Addic7ed", "Subtitles\n0tFlix.Subtitles.Addic7ed\n0tFlix.Subtitles.Addic7ed.csproj", "{5478603C-5361-4AFE-837A-11C1E8D5CD9D}"
EndProject
Project("{9A19103F-16F7-4668-BE54-9A1E7A4F7556}") = "n0tFlix.Subtitles.Napisub", "Subtitles\n0tFlix.Subtitles.NapiSub\n0tFlix.Subtitles.Napisub.csproj", "{E452FDCB-FB6F-400A-ADBC-33AAB16F87EE}"
EndProject
Project("{9A19103F-16F7-4668-BE54-9A1E7A4F7556}") = "n0tFlix.Subtitles.Podnapisi", "Subtitles\n0tFlix.Subtitles.Podnapisi\n0tFlix.Subtitles.Podnapisi.csproj", "{47108C79-0D51-49A9-A1FC-FDEF65EFC028}"
EndProject
Project("{9A19103F-16F7-4668-BE54-9A1E7A4F7556}") = "n0tFlix.Subtitles.SubDivX", "Subtitles\n0tFlix.Subtitles.SubDivX\n0tFlix.Subtitles.SubDivX.csproj", "{A8643766-EB5A-45B9-83F4-2FA84CF11EA8}"
EndProject
Project("{9A19103F-16F7-4668-BE54-9A1E7A4F7556}") = "n0tFlix.Subtitles.Subscene", "Subtitles\n0tFlix.Subtitles.Subscene\n0tFlix.Subtitles.Subscene.csproj", "{95037A32-9F98-43F3-9125-EC34487899A0}"
EndProject
Project("{9A19103F-16F7-4668-BE54-9A1E7A4F7556}") = "n0tFlix.Subtitles.TheSubDB", "Subtitles\n0tFlix.Subtitles.TheSubDB\n0tFlix.Subtitles.TheSubDB.csproj", "{CC4F06F1-F962-4621-AFBC-7E3848E6B4C0}"
EndProject
Project("{9A19103F-16F7-4668-BE54-9A1E7A4F7556}") = "n0tFlix.Subtitles.Name", "Templates\n0tFlix.Subtitles.Name\n0tFlix.Subtitles.Name.csproj", "{289142F3-6F88-4F9A-877F-D438913B2D95}"
EndProject
Project("{2150E333-8FDC-42A3-9474-1A3956D46DE8}") = "Addons", "Addons", "{B607DBB7-30F1-4F80-8D3A-2DDC84484CA1}"
EndProject
Project("{9A19103F-16F7-4668-BE54-9A1E7A4F7556}") = "n0tFlix.Addons.YoutubeDL", "Addons\n0tFlix.Addons.YoutubeDL\n0tFlix.Addons.YoutubeDL.csproj", "{2DA4EC94-3CF0-4B6F-8DD1-621CAA583C3D}"
EndProject
Project("{9A19103F-16F7-4668-BE54-9A1E7A4F7556}") = "n0tFlix.Addons.Subscriptions", "Addons\n0tFlix.Addons.Subscriptions\n0tFlix.Addons.Subscriptions.csproj", "{DD35DB03-52D9-4453-88C0-75677E7F93ED}"
EndProject
Project("{9A19103F-16F7-4668-BE54-9A1E7A4F7556}") = "n0tFlix.Channel.Crunchyroll", "Channels\n0tFlix.Channel.Crunchyroll\n0tFlix.Channel.Crunchyroll.csproj", "{7E4DC19D-DFA5-4F3B-8779-78AA94BC37D6}"
EndProject
Project("{2150E333-8FDC-42A3-9474-1A3956D46DE8}") = "Helpers", "Helpers", "{F951F548-3E99-48E8-A2D4-8D9458B6C5AA}"
EndProject
Project("{9A19103F-16F7-4668-BE54-9A1E7A4F7556}") = "n0tFlix.Helpers.Common", "Helpers\n0tFlix.Helpers.Common\n0tFlix.Helpers.Common.csproj", "{9570E180-EA04-4282-ADEA-E5BAF0B59103}"
EndProject
Project("{9A19103F-16F7-4668-BE54-9A1E7A4F7556}") = "n0tFlix.Channel.ComedyCentral", "Channels\n0tFlix.Channel.ComedyCentral\n0tFlix.Channel.ComedyCentral.csproj", "{2D379D33-D6FC-48EA-9178-0AD114CEF197}"
EndProject
Project("{2150E333-8FDC-42A3-9474-1A3956D46DE8}") = "Test", "Test", "{BC806172-E515-47BF-9195-1DF7141B119D}"
EndProject
Project("{9A19103F-16F7-4668-BE54-9A1E7A4F7556}") = "n0tFlix.Subtitles.OpenSubtitles", "Subtitles\n0tFlix.Subtitles.OpenSubtitles\n0tFlix.Subtitles.OpenSubtitles.csproj", "{1A35773C-BB5C-4597-9E0E-F39B10C4D1DE}"
EndProject
Project("{9A19103F-16F7-4668-BE54-9A1E7A4F7556}") = "n0tFlix.Channel.Pornhub", "Channels\n0tFlix.Channel.Pornhub\n0tFlix.Channel.Pornhub.csproj", "{894A4E87-EEA5-43DA-BF2B-D7316D517132}"
EndProject
Project("{9A19103F-16F7-4668-BE54-9A1E7A4F7556}") = "n0tFlix.Channel.Redtube", "Channels\n0tFlix.Channel.Redtube\n0tFlix.Channel.Redtube.csproj", "{8051C0C9-92B0-4AB0-A488-7FB5EA2CE2E8}"
EndProject
Project("{9A19103F-16F7-4668-BE54-9A1E7A4F7556}") = "n0tFlix.Channel.TWiT", "Channels\n0tFlix.Channel.Twit\n0tFlix.Channel.TWiT.csproj", "{2B463D5D-2C17-4DAA-A40A-27603938ABB0}"
EndProject
Project("{9A19103F-16F7-4668-BE54-9A1E7A4F7556}") = "n0tFlix.Subtitles.TVsubtitles", "Subtitles\n0tFlix.Subtitles.TVsubtitles\n0tFlix.Subtitles.TVsubtitles.csproj", "{3EFD6C5C-D8EF-4D75-98B8-26DF0FC26C85}"
EndProject
Project("{2150E333-8FDC-42A3-9474-1A3956D46DE8}") = "Manifest", "Manifest", "{D589BE45-47C5-4838-8338-FDE7CBEF28EE}"
	ProjectSection(SolutionItems) = preProject
		Manifest-Template.json = Manifest-Template.json
		Manifest.json = Manifest.json
	EndProjectSection
EndProject
Project("{9A19103F-16F7-4668-BE54-9A1E7A4F7556}") = "n0tFlix.Manifest.Manager", "Manifest\n0tFlix.Manifest.Manager\n0tFlix.Manifest.Manager.csproj", "{662E07C2-1265-4C25-931B-9F14A85DB507}"
	ProjectSection(ProjectDependencies) = postProject
		{DD35DB03-52D9-4453-88C0-75677E7F93ED} = {DD35DB03-52D9-4453-88C0-75677E7F93ED}
		{1991600F-744B-4832-A207-1A0C58C5848C} = {1991600F-744B-4832-A207-1A0C58C5848C}
		{95037A32-9F98-43F3-9125-EC34487899A0} = {95037A32-9F98-43F3-9125-EC34487899A0}
		{2D379D33-D6FC-48EA-9178-0AD114CEF197} = {2D379D33-D6FC-48EA-9178-0AD114CEF197}
		{5478603C-5361-4AFE-837A-11C1E8D5CD9D} = {5478603C-5361-4AFE-837A-11C1E8D5CD9D}
		{1A35773C-BB5C-4597-9E0E-F39B10C4D1DE} = {1A35773C-BB5C-4597-9E0E-F39B10C4D1DE}
		{3EFD6C5C-D8EF-4D75-98B8-26DF0FC26C85} = {3EFD6C5C-D8EF-4D75-98B8-26DF0FC26C85}
		{2B463D5D-2C17-4DAA-A40A-27603938ABB0} = {2B463D5D-2C17-4DAA-A40A-27603938ABB0}
		{A8643766-EB5A-45B9-83F4-2FA84CF11EA8} = {A8643766-EB5A-45B9-83F4-2FA84CF11EA8}
		{47108C79-0D51-49A9-A1FC-FDEF65EFC028} = {47108C79-0D51-49A9-A1FC-FDEF65EFC028}
		{894A4E87-EEA5-43DA-BF2B-D7316D517132} = {894A4E87-EEA5-43DA-BF2B-D7316D517132}
		{35C9E38E-E99B-4DD9-AF0E-E6BEF72D5DBB} = {35C9E38E-E99B-4DD9-AF0E-E6BEF72D5DBB}
		{2DA4EC94-3CF0-4B6F-8DD1-621CAA583C3D} = {2DA4EC94-3CF0-4B6F-8DD1-621CAA583C3D}
		{7E4DC19D-DFA5-4F3B-8779-78AA94BC37D6} = {7E4DC19D-DFA5-4F3B-8779-78AA94BC37D6}
		{C6E7B9C1-F2AB-4BC1-8CAD-675BC358B145} = {C6E7B9C1-F2AB-4BC1-8CAD-675BC358B145}
		{8051C0C9-92B0-4AB0-A488-7FB5EA2CE2E8} = {8051C0C9-92B0-4AB0-A488-7FB5EA2CE2E8}
		{E452FDCB-FB6F-400A-ADBC-33AAB16F87EE} = {E452FDCB-FB6F-400A-ADBC-33AAB16F87EE}
		{7C4787EB-88DE-4ADD-9089-7EAB8EA3D84F} = {7C4787EB-88DE-4ADD-9089-7EAB8EA3D84F}
		{CC4F06F1-F962-4621-AFBC-7E3848E6B4C0} = {CC4F06F1-F962-4621-AFBC-7E3848E6B4C0}
	EndProjectSection
EndProject
Project("{9A19103F-16F7-4668-BE54-9A1E7A4F7556}") = "n0tFlix.Addons.VideoExtractor", "Addons\n0tFlix.Addons.VideoExtractor\n0tFlix.Addons.VideoExtractor.csproj", "{0207478F-4CBD-4E9A-8D31-99369731B57F}"
EndProject
Project("{2150E333-8FDC-42A3-9474-1A3956D46DE8}") = "External", "External", "{43E2E4DB-40BE-4342-9952-6DBA893F6658}"
EndProject
Project("{9A19103F-16F7-4668-BE54-9A1E7A4F7556}") = "AngleSharp.Core", "External\AngleSharp\AngleSharp.Core.csproj", "{297E493A-C758-4C73-AD19-4A130C5E92C4}"
EndProject
Project("{9A19103F-16F7-4668-BE54-9A1E7A4F7556}") = "AngleSharp.Css", "External\AngleSharp.Css\AngleSharp.Css.csproj", "{AB72E95B-4560-4981-B195-91FFA1ECDEF0}"
EndProject
Project("{9A19103F-16F7-4668-BE54-9A1E7A4F7556}") = "AngleSharp.Io", "External\AngleSharp.Io\AngleSharp.Io.csproj", "{92167944-3B19-4E82-AE65-F20922F8F2CF}"
EndProject
Project("{9A19103F-16F7-4668-BE54-9A1E7A4F7556}") = "AngleSharp.Js", "External\AngleSharp.Js\AngleSharp.Js.csproj", "{8AF9B1D9-66AD-45EE-9A31-B4E86ADC0431}"
EndProject
Project("{9A19103F-16F7-4668-BE54-9A1E7A4F7556}") = "AngleSharp.Xml", "External\AngleSharp.Xml\AngleSharp.Xml.csproj", "{29D153DA-C40D-44D9-A934-10AE6794C52C}"
EndProject
Project("{9A19103F-16F7-4668-BE54-9A1E7A4F7556}") = "AngleSharp.XPath", "External\AngleSharp.XPath\AngleSharp.XPath.csproj", "{C2EE9C91-B617-4897-944A-DD4AE6792D54}"
EndProject
Project("{9A19103F-16F7-4668-BE54-9A1E7A4F7556}") = "Esprima", "External\Esprima\Esprima.csproj", "{2E3788F6-419C-4B40-99BF-E009791EF968}"
EndProject
Project("{9A19103F-16F7-4668-BE54-9A1E7A4F7556}") = "Jint", "External\Jint\Jint.csproj", "{D81973B5-AD4A-4B0C-96C7-D26FE386DCE3}"
EndProject
Project("{2150E333-8FDC-42A3-9474-1A3956D46DE8}") = "Providers", "Providers", "{97926DDC-C662-4BC5-91B8-D6A788C8B7FF}"
EndProject
Project("{9A19103F-16F7-4668-BE54-9A1E7A4F7556}") = "n0tFlix.Provider.Imvdb", "Providers\n0tFlix.Provider.Imvdb\n0tFlix.Provider.Imvdb.csproj", "{09ECFD1F-5062-496F-BAB5-5AA8EE2B49CC}"
EndProject
Global
	GlobalSection(SolutionConfigurationPlatforms) = preSolution
		Debug|Any CPU = Debug|Any CPU
		Release|Any CPU = Release|Any CPU
	EndGlobalSection
	GlobalSection(ProjectConfigurationPlatforms) = postSolution
		{35C9E38E-E99B-4DD9-AF0E-E6BEF72D5DBB}.Debug|Any CPU.ActiveCfg = Debug|Any CPU
		{35C9E38E-E99B-4DD9-AF0E-E6BEF72D5DBB}.Debug|Any CPU.Build.0 = Debug|Any CPU
		{35C9E38E-E99B-4DD9-AF0E-E6BEF72D5DBB}.Release|Any CPU.ActiveCfg = Release|Any CPU
		{35C9E38E-E99B-4DD9-AF0E-E6BEF72D5DBB}.Release|Any CPU.Build.0 = Release|Any CPU
		{72E715FD-62CC-4F3E-9B53-C110558EE311}.Debug|Any CPU.ActiveCfg = Debug|Any CPU
		{72E715FD-62CC-4F3E-9B53-C110558EE311}.Debug|Any CPU.Build.0 = Debug|Any CPU
		{72E715FD-62CC-4F3E-9B53-C110558EE311}.Release|Any CPU.ActiveCfg = Release|Any CPU
		{72E715FD-62CC-4F3E-9B53-C110558EE311}.Release|Any CPU.Build.0 = Release|Any CPU
		{C6E7B9C1-F2AB-4BC1-8CAD-675BC358B145}.Debug|Any CPU.ActiveCfg = Debug|Any CPU
		{C6E7B9C1-F2AB-4BC1-8CAD-675BC358B145}.Debug|Any CPU.Build.0 = Debug|Any CPU
		{C6E7B9C1-F2AB-4BC1-8CAD-675BC358B145}.Release|Any CPU.ActiveCfg = Release|Any CPU
		{C6E7B9C1-F2AB-4BC1-8CAD-675BC358B145}.Release|Any CPU.Build.0 = Release|Any CPU
		{1991600F-744B-4832-A207-1A0C58C5848C}.Debug|Any CPU.ActiveCfg = Debug|Any CPU
		{1991600F-744B-4832-A207-1A0C58C5848C}.Debug|Any CPU.Build.0 = Debug|Any CPU
		{1991600F-744B-4832-A207-1A0C58C5848C}.Release|Any CPU.ActiveCfg = Release|Any CPU
		{1991600F-744B-4832-A207-1A0C58C5848C}.Release|Any CPU.Build.0 = Release|Any CPU
		{7C4787EB-88DE-4ADD-9089-7EAB8EA3D84F}.Debug|Any CPU.ActiveCfg = Debug|Any CPU
		{7C4787EB-88DE-4ADD-9089-7EAB8EA3D84F}.Debug|Any CPU.Build.0 = Debug|Any CPU
		{7C4787EB-88DE-4ADD-9089-7EAB8EA3D84F}.Release|Any CPU.ActiveCfg = Release|Any CPU
		{7C4787EB-88DE-4ADD-9089-7EAB8EA3D84F}.Release|Any CPU.Build.0 = Release|Any CPU
		{5478603C-5361-4AFE-837A-11C1E8D5CD9D}.Debug|Any CPU.ActiveCfg = Debug|Any CPU
		{5478603C-5361-4AFE-837A-11C1E8D5CD9D}.Debug|Any CPU.Build.0 = Debug|Any CPU
		{5478603C-5361-4AFE-837A-11C1E8D5CD9D}.Release|Any CPU.ActiveCfg = Release|Any CPU
		{5478603C-5361-4AFE-837A-11C1E8D5CD9D}.Release|Any CPU.Build.0 = Release|Any CPU
		{E452FDCB-FB6F-400A-ADBC-33AAB16F87EE}.Debug|Any CPU.ActiveCfg = Debug|Any CPU
		{E452FDCB-FB6F-400A-ADBC-33AAB16F87EE}.Debug|Any CPU.Build.0 = Debug|Any CPU
		{E452FDCB-FB6F-400A-ADBC-33AAB16F87EE}.Release|Any CPU.ActiveCfg = Release|Any CPU
		{E452FDCB-FB6F-400A-ADBC-33AAB16F87EE}.Release|Any CPU.Build.0 = Release|Any CPU
		{47108C79-0D51-49A9-A1FC-FDEF65EFC028}.Debug|Any CPU.ActiveCfg = Debug|Any CPU
		{47108C79-0D51-49A9-A1FC-FDEF65EFC028}.Debug|Any CPU.Build.0 = Debug|Any CPU
		{47108C79-0D51-49A9-A1FC-FDEF65EFC028}.Release|Any CPU.ActiveCfg = Release|Any CPU
		{47108C79-0D51-49A9-A1FC-FDEF65EFC028}.Release|Any CPU.Build.0 = Release|Any CPU
		{A8643766-EB5A-45B9-83F4-2FA84CF11EA8}.Debug|Any CPU.ActiveCfg = Debug|Any CPU
		{A8643766-EB5A-45B9-83F4-2FA84CF11EA8}.Debug|Any CPU.Build.0 = Debug|Any CPU
		{A8643766-EB5A-45B9-83F4-2FA84CF11EA8}.Release|Any CPU.ActiveCfg = Release|Any CPU
		{A8643766-EB5A-45B9-83F4-2FA84CF11EA8}.Release|Any CPU.Build.0 = Release|Any CPU
		{95037A32-9F98-43F3-9125-EC34487899A0}.Debug|Any CPU.ActiveCfg = Debug|Any CPU
		{95037A32-9F98-43F3-9125-EC34487899A0}.Debug|Any CPU.Build.0 = Debug|Any CPU
		{95037A32-9F98-43F3-9125-EC34487899A0}.Release|Any CPU.ActiveCfg = Release|Any CPU
		{95037A32-9F98-43F3-9125-EC34487899A0}.Release|Any CPU.Build.0 = Release|Any CPU
		{CC4F06F1-F962-4621-AFBC-7E3848E6B4C0}.Debug|Any CPU.ActiveCfg = Debug|Any CPU
		{CC4F06F1-F962-4621-AFBC-7E3848E6B4C0}.Debug|Any CPU.Build.0 = Debug|Any CPU
		{CC4F06F1-F962-4621-AFBC-7E3848E6B4C0}.Release|Any CPU.ActiveCfg = Release|Any CPU
		{CC4F06F1-F962-4621-AFBC-7E3848E6B4C0}.Release|Any CPU.Build.0 = Release|Any CPU
		{289142F3-6F88-4F9A-877F-D438913B2D95}.Debug|Any CPU.ActiveCfg = Debug|Any CPU
		{289142F3-6F88-4F9A-877F-D438913B2D95}.Debug|Any CPU.Build.0 = Debug|Any CPU
		{289142F3-6F88-4F9A-877F-D438913B2D95}.Release|Any CPU.ActiveCfg = Release|Any CPU
		{289142F3-6F88-4F9A-877F-D438913B2D95}.Release|Any CPU.Build.0 = Release|Any CPU
		{2DA4EC94-3CF0-4B6F-8DD1-621CAA583C3D}.Debug|Any CPU.ActiveCfg = Debug|Any CPU
		{2DA4EC94-3CF0-4B6F-8DD1-621CAA583C3D}.Debug|Any CPU.Build.0 = Debug|Any CPU
		{2DA4EC94-3CF0-4B6F-8DD1-621CAA583C3D}.Release|Any CPU.ActiveCfg = Release|Any CPU
		{2DA4EC94-3CF0-4B6F-8DD1-621CAA583C3D}.Release|Any CPU.Build.0 = Release|Any CPU
		{DD35DB03-52D9-4453-88C0-75677E7F93ED}.Debug|Any CPU.ActiveCfg = Debug|Any CPU
		{DD35DB03-52D9-4453-88C0-75677E7F93ED}.Debug|Any CPU.Build.0 = Debug|Any CPU
		{DD35DB03-52D9-4453-88C0-75677E7F93ED}.Release|Any CPU.ActiveCfg = Release|Any CPU
		{DD35DB03-52D9-4453-88C0-75677E7F93ED}.Release|Any CPU.Build.0 = Release|Any CPU
		{7E4DC19D-DFA5-4F3B-8779-78AA94BC37D6}.Debug|Any CPU.ActiveCfg = Debug|Any CPU
		{7E4DC19D-DFA5-4F3B-8779-78AA94BC37D6}.Debug|Any CPU.Build.0 = Debug|Any CPU
		{7E4DC19D-DFA5-4F3B-8779-78AA94BC37D6}.Release|Any CPU.ActiveCfg = Release|Any CPU
		{7E4DC19D-DFA5-4F3B-8779-78AA94BC37D6}.Release|Any CPU.Build.0 = Release|Any CPU
		{9570E180-EA04-4282-ADEA-E5BAF0B59103}.Debug|Any CPU.ActiveCfg = Debug|Any CPU
		{9570E180-EA04-4282-ADEA-E5BAF0B59103}.Debug|Any CPU.Build.0 = Debug|Any CPU
		{9570E180-EA04-4282-ADEA-E5BAF0B59103}.Release|Any CPU.ActiveCfg = Release|Any CPU
		{9570E180-EA04-4282-ADEA-E5BAF0B59103}.Release|Any CPU.Build.0 = Release|Any CPU
		{2D379D33-D6FC-48EA-9178-0AD114CEF197}.Debug|Any CPU.ActiveCfg = Debug|Any CPU
		{2D379D33-D6FC-48EA-9178-0AD114CEF197}.Debug|Any CPU.Build.0 = Debug|Any CPU
		{2D379D33-D6FC-48EA-9178-0AD114CEF197}.Release|Any CPU.ActiveCfg = Release|Any CPU
		{2D379D33-D6FC-48EA-9178-0AD114CEF197}.Release|Any CPU.Build.0 = Release|Any CPU
		{1A35773C-BB5C-4597-9E0E-F39B10C4D1DE}.Debug|Any CPU.ActiveCfg = Debug|Any CPU
		{1A35773C-BB5C-4597-9E0E-F39B10C4D1DE}.Debug|Any CPU.Build.0 = Debug|Any CPU
		{1A35773C-BB5C-4597-9E0E-F39B10C4D1DE}.Release|Any CPU.ActiveCfg = Release|Any CPU
		{1A35773C-BB5C-4597-9E0E-F39B10C4D1DE}.Release|Any CPU.Build.0 = Release|Any CPU
		{894A4E87-EEA5-43DA-BF2B-D7316D517132}.Debug|Any CPU.ActiveCfg = Debug|Any CPU
		{894A4E87-EEA5-43DA-BF2B-D7316D517132}.Debug|Any CPU.Build.0 = Debug|Any CPU
		{894A4E87-EEA5-43DA-BF2B-D7316D517132}.Release|Any CPU.ActiveCfg = Release|Any CPU
		{894A4E87-EEA5-43DA-BF2B-D7316D517132}.Release|Any CPU.Build.0 = Release|Any CPU
		{8051C0C9-92B0-4AB0-A488-7FB5EA2CE2E8}.Debug|Any CPU.ActiveCfg = Debug|Any CPU
		{8051C0C9-92B0-4AB0-A488-7FB5EA2CE2E8}.Debug|Any CPU.Build.0 = Debug|Any CPU
		{8051C0C9-92B0-4AB0-A488-7FB5EA2CE2E8}.Release|Any CPU.ActiveCfg = Release|Any CPU
		{8051C0C9-92B0-4AB0-A488-7FB5EA2CE2E8}.Release|Any CPU.Build.0 = Release|Any CPU
		{2B463D5D-2C17-4DAA-A40A-27603938ABB0}.Debug|Any CPU.ActiveCfg = Debug|Any CPU
		{2B463D5D-2C17-4DAA-A40A-27603938ABB0}.Debug|Any CPU.Build.0 = Debug|Any CPU
		{2B463D5D-2C17-4DAA-A40A-27603938ABB0}.Release|Any CPU.ActiveCfg = Release|Any CPU
		{2B463D5D-2C17-4DAA-A40A-27603938ABB0}.Release|Any CPU.Build.0 = Release|Any CPU
		{3EFD6C5C-D8EF-4D75-98B8-26DF0FC26C85}.Debug|Any CPU.ActiveCfg = Debug|Any CPU
		{3EFD6C5C-D8EF-4D75-98B8-26DF0FC26C85}.Debug|Any CPU.Build.0 = Debug|Any CPU
		{3EFD6C5C-D8EF-4D75-98B8-26DF0FC26C85}.Release|Any CPU.ActiveCfg = Release|Any CPU
		{3EFD6C5C-D8EF-4D75-98B8-26DF0FC26C85}.Release|Any CPU.Build.0 = Release|Any CPU
		{662E07C2-1265-4C25-931B-9F14A85DB507}.Debug|Any CPU.ActiveCfg = Debug|Any CPU
		{662E07C2-1265-4C25-931B-9F14A85DB507}.Debug|Any CPU.Build.0 = Debug|Any CPU
		{662E07C2-1265-4C25-931B-9F14A85DB507}.Release|Any CPU.ActiveCfg = Release|Any CPU
		{662E07C2-1265-4C25-931B-9F14A85DB507}.Release|Any CPU.Build.0 = Release|Any CPU
		{0207478F-4CBD-4E9A-8D31-99369731B57F}.Debug|Any CPU.ActiveCfg = Debug|Any CPU
		{0207478F-4CBD-4E9A-8D31-99369731B57F}.Debug|Any CPU.Build.0 = Debug|Any CPU
		{0207478F-4CBD-4E9A-8D31-99369731B57F}.Release|Any CPU.ActiveCfg = Release|Any CPU
		{0207478F-4CBD-4E9A-8D31-99369731B57F}.Release|Any CPU.Build.0 = Release|Any CPU
		{297E493A-C758-4C73-AD19-4A130C5E92C4}.Debug|Any CPU.ActiveCfg = Debug|Any CPU
		{297E493A-C758-4C73-AD19-4A130C5E92C4}.Debug|Any CPU.Build.0 = Debug|Any CPU
		{297E493A-C758-4C73-AD19-4A130C5E92C4}.Release|Any CPU.ActiveCfg = Release|Any CPU
		{297E493A-C758-4C73-AD19-4A130C5E92C4}.Release|Any CPU.Build.0 = Release|Any CPU
		{AB72E95B-4560-4981-B195-91FFA1ECDEF0}.Debug|Any CPU.ActiveCfg = Debug|Any CPU
		{AB72E95B-4560-4981-B195-91FFA1ECDEF0}.Debug|Any CPU.Build.0 = Debug|Any CPU
		{AB72E95B-4560-4981-B195-91FFA1ECDEF0}.Release|Any CPU.ActiveCfg = Release|Any CPU
		{AB72E95B-4560-4981-B195-91FFA1ECDEF0}.Release|Any CPU.Build.0 = Release|Any CPU
		{92167944-3B19-4E82-AE65-F20922F8F2CF}.Debug|Any CPU.ActiveCfg = Debug|Any CPU
		{92167944-3B19-4E82-AE65-F20922F8F2CF}.Debug|Any CPU.Build.0 = Debug|Any CPU
		{92167944-3B19-4E82-AE65-F20922F8F2CF}.Release|Any CPU.ActiveCfg = Release|Any CPU
		{92167944-3B19-4E82-AE65-F20922F8F2CF}.Release|Any CPU.Build.0 = Release|Any CPU
		{8AF9B1D9-66AD-45EE-9A31-B4E86ADC0431}.Debug|Any CPU.ActiveCfg = Debug|Any CPU
		{8AF9B1D9-66AD-45EE-9A31-B4E86ADC0431}.Debug|Any CPU.Build.0 = Debug|Any CPU
		{8AF9B1D9-66AD-45EE-9A31-B4E86ADC0431}.Release|Any CPU.ActiveCfg = Release|Any CPU
		{8AF9B1D9-66AD-45EE-9A31-B4E86ADC0431}.Release|Any CPU.Build.0 = Release|Any CPU
		{29D153DA-C40D-44D9-A934-10AE6794C52C}.Debug|Any CPU.ActiveCfg = Debug|Any CPU
		{29D153DA-C40D-44D9-A934-10AE6794C52C}.Debug|Any CPU.Build.0 = Debug|Any CPU
		{29D153DA-C40D-44D9-A934-10AE6794C52C}.Release|Any CPU.ActiveCfg = Release|Any CPU
		{29D153DA-C40D-44D9-A934-10AE6794C52C}.Release|Any CPU.Build.0 = Release|Any CPU
		{C2EE9C91-B617-4897-944A-DD4AE6792D54}.Debug|Any CPU.ActiveCfg = Debug|Any CPU
		{C2EE9C91-B617-4897-944A-DD4AE6792D54}.Debug|Any CPU.Build.0 = Debug|Any CPU
		{C2EE9C91-B617-4897-944A-DD4AE6792D54}.Release|Any CPU.ActiveCfg = Release|Any CPU
		{C2EE9C91-B617-4897-944A-DD4AE6792D54}.Release|Any CPU.Build.0 = Release|Any CPU
		{2E3788F6-419C-4B40-99BF-E009791EF968}.Debug|Any CPU.ActiveCfg = Debug|Any CPU
		{2E3788F6-419C-4B40-99BF-E009791EF968}.Debug|Any CPU.Build.0 = Debug|Any CPU
		{2E3788F6-419C-4B40-99BF-E009791EF968}.Release|Any CPU.ActiveCfg = Release|Any CPU
		{2E3788F6-419C-4B40-99BF-E009791EF968}.Release|Any CPU.Build.0 = Release|Any CPU
		{D81973B5-AD4A-4B0C-96C7-D26FE386DCE3}.Debug|Any CPU.ActiveCfg = Debug|Any CPU
		{D81973B5-AD4A-4B0C-96C7-D26FE386DCE3}.Debug|Any CPU.Build.0 = Debug|Any CPU
		{D81973B5-AD4A-4B0C-96C7-D26FE386DCE3}.Release|Any CPU.ActiveCfg = Release|Any CPU
		{D81973B5-AD4A-4B0C-96C7-D26FE386DCE3}.Release|Any CPU.Build.0 = Release|Any CPU
		{09ECFD1F-5062-496F-BAB5-5AA8EE2B49CC}.Debug|Any CPU.ActiveCfg = Debug|Any CPU
		{09ECFD1F-5062-496F-BAB5-5AA8EE2B49CC}.Debug|Any CPU.Build.0 = Debug|Any CPU
		{09ECFD1F-5062-496F-BAB5-5AA8EE2B49CC}.Release|Any CPU.ActiveCfg = Release|Any CPU
		{09ECFD1F-5062-496F-BAB5-5AA8EE2B49CC}.Release|Any CPU.Build.0 = Release|Any CPU
	EndGlobalSection
	GlobalSection(SolutionProperties) = preSolution
		HideSolutionNode = FALSE
	EndGlobalSection
	GlobalSection(NestedProjects) = preSolution
		{35C9E38E-E99B-4DD9-AF0E-E6BEF72D5DBB} = {4BD46F6F-FB2E-4FA8-831D-9D6F08E7647D}
		{72E715FD-62CC-4F3E-9B53-C110558EE311} = {FDD88DBA-5AE5-4CE9-A0C2-A0FB46E36BED}
		{C6E7B9C1-F2AB-4BC1-8CAD-675BC358B145} = {4BD46F6F-FB2E-4FA8-831D-9D6F08E7647D}
		{1991600F-744B-4832-A207-1A0C58C5848C} = {4BD46F6F-FB2E-4FA8-831D-9D6F08E7647D}
		{7C4787EB-88DE-4ADD-9089-7EAB8EA3D84F} = {40E0037A-EBCF-4CD7-B1BA-C622E9622B6E}
		{5478603C-5361-4AFE-837A-11C1E8D5CD9D} = {40E0037A-EBCF-4CD7-B1BA-C622E9622B6E}
		{E452FDCB-FB6F-400A-ADBC-33AAB16F87EE} = {40E0037A-EBCF-4CD7-B1BA-C622E9622B6E}
		{47108C79-0D51-49A9-A1FC-FDEF65EFC028} = {40E0037A-EBCF-4CD7-B1BA-C622E9622B6E}
		{A8643766-EB5A-45B9-83F4-2FA84CF11EA8} = {40E0037A-EBCF-4CD7-B1BA-C622E9622B6E}
		{95037A32-9F98-43F3-9125-EC34487899A0} = {40E0037A-EBCF-4CD7-B1BA-C622E9622B6E}
		{CC4F06F1-F962-4621-AFBC-7E3848E6B4C0} = {40E0037A-EBCF-4CD7-B1BA-C622E9622B6E}
		{289142F3-6F88-4F9A-877F-D438913B2D95} = {FDD88DBA-5AE5-4CE9-A0C2-A0FB46E36BED}
		{2DA4EC94-3CF0-4B6F-8DD1-621CAA583C3D} = {B607DBB7-30F1-4F80-8D3A-2DDC84484CA1}
		{DD35DB03-52D9-4453-88C0-75677E7F93ED} = {B607DBB7-30F1-4F80-8D3A-2DDC84484CA1}
		{7E4DC19D-DFA5-4F3B-8779-78AA94BC37D6} = {4BD46F6F-FB2E-4FA8-831D-9D6F08E7647D}
		{9570E180-EA04-4282-ADEA-E5BAF0B59103} = {F951F548-3E99-48E8-A2D4-8D9458B6C5AA}
		{2D379D33-D6FC-48EA-9178-0AD114CEF197} = {4BD46F6F-FB2E-4FA8-831D-9D6F08E7647D}
		{1A35773C-BB5C-4597-9E0E-F39B10C4D1DE} = {40E0037A-EBCF-4CD7-B1BA-C622E9622B6E}
		{894A4E87-EEA5-43DA-BF2B-D7316D517132} = {4BD46F6F-FB2E-4FA8-831D-9D6F08E7647D}
		{8051C0C9-92B0-4AB0-A488-7FB5EA2CE2E8} = {4BD46F6F-FB2E-4FA8-831D-9D6F08E7647D}
		{2B463D5D-2C17-4DAA-A40A-27603938ABB0} = {4BD46F6F-FB2E-4FA8-831D-9D6F08E7647D}
		{3EFD6C5C-D8EF-4D75-98B8-26DF0FC26C85} = {40E0037A-EBCF-4CD7-B1BA-C622E9622B6E}
		{662E07C2-1265-4C25-931B-9F14A85DB507} = {D589BE45-47C5-4838-8338-FDE7CBEF28EE}
		{0207478F-4CBD-4E9A-8D31-99369731B57F} = {B607DBB7-30F1-4F80-8D3A-2DDC84484CA1}
		{297E493A-C758-4C73-AD19-4A130C5E92C4} = {43E2E4DB-40BE-4342-9952-6DBA893F6658}
		{AB72E95B-4560-4981-B195-91FFA1ECDEF0} = {43E2E4DB-40BE-4342-9952-6DBA893F6658}
		{92167944-3B19-4E82-AE65-F20922F8F2CF} = {43E2E4DB-40BE-4342-9952-6DBA893F6658}
		{8AF9B1D9-66AD-45EE-9A31-B4E86ADC0431} = {43E2E4DB-40BE-4342-9952-6DBA893F6658}
		{29D153DA-C40D-44D9-A934-10AE6794C52C} = {43E2E4DB-40BE-4342-9952-6DBA893F6658}
		{C2EE9C91-B617-4897-944A-DD4AE6792D54} = {43E2E4DB-40BE-4342-9952-6DBA893F6658}
		{2E3788F6-419C-4B40-99BF-E009791EF968} = {43E2E4DB-40BE-4342-9952-6DBA893F6658}
		{D81973B5-AD4A-4B0C-96C7-D26FE386DCE3} = {43E2E4DB-40BE-4342-9952-6DBA893F6658}
		{09ECFD1F-5062-496F-BAB5-5AA8EE2B49CC} = {97926DDC-C662-4BC5-91B8-D6A788C8B7FF}
	EndGlobalSection
	GlobalSection(ExtensibilityGlobals) = postSolution
		SolutionGuid = {5C7D2589-5A2C-431B-88E7-85461B8EB3AF}
	EndGlobalSection
EndGlobal
