
Microsoft Visual Studio Solution File, Format Version 12.00
# Visual Studio Version 16
VisualStudioVersion = 16.0.30523.141
MinimumVisualStudioVersion = 10.0.40219.1
Project("{9A19103F-16F7-4668-BE54-9A1E7A4F7556}") = "n0tFlix.Subtitles.Napisub", "n0tFlix.Subtitles.Napisub.csproj", "{8D82AA4B-1B65-4B62-B81F-CCF68745DFF2}"
EndProject
Global
	GlobalSection(SolutionConfigurationPlatforms) = preSolution
		Debug|Any CPU = Debug|Any CPU
		Release|Any CPU = Release|Any CPU
	EndGlobalSection
	GlobalSection(ProjectConfigurationPlatforms) = postSolution
		{8D82AA4B-1B65-4B62-B81F-CCF68745DFF2}.Debug|Any CPU.ActiveCfg = Debug|Any CPU
		{8D82AA4B-1B65-4B62-B81F-CCF68745DFF2}.Debug|Any CPU.Build.0 = Debug|Any CPU
		{8D82AA4B-1B65-4B62-B81F-CCF68745DFF2}.Release|Any CPU.ActiveCfg = Release|Any CPU
		{8D82AA4B-1B65-4B62-B81F-CCF68745DFF2}.Release|Any CPU.Build.0 = Release|Any CPU
	EndGlobalSection
	GlobalSection(SolutionProperties) = preSolution
		HideSolutionNode = FALSE
	EndGlobalSection
	GlobalSection(ExtensibilityGlobals) = postSolution
		SolutionGuid = {2FD62178-3570-4833-9A62-083464FB7C2B}
	EndGlobalSection
EndGlobal
