
Microsoft Visual Studio Solution File, Format Version 12.00
# Visual Studio Version 16
VisualStudioVersion = 16.0.30523.141
MinimumVisualStudioVersion = 10.0.40219.1
Project("{9A19103F-16F7-4668-BE54-9A1E7A4F7556}") = "n0tFlix.Subtitles.TheSubDB", "n0tFlix.Subtitles.TheSubDB.csproj", "{AB189D7C-7481-4B57-9DAF-ACC9B6B75735}"
EndProject
Global
	GlobalSection(SolutionConfigurationPlatforms) = preSolution
		Debug|Any CPU = Debug|Any CPU
		Release|Any CPU = Release|Any CPU
	EndGlobalSection
	GlobalSection(ProjectConfigurationPlatforms) = postSolution
		{AB189D7C-7481-4B57-9DAF-ACC9B6B75735}.Debug|Any CPU.ActiveCfg = Debug|Any CPU
		{AB189D7C-7481-4B57-9DAF-ACC9B6B75735}.Debug|Any CPU.Build.0 = Debug|Any CPU
		{AB189D7C-7481-4B57-9DAF-ACC9B6B75735}.Release|Any CPU.ActiveCfg = Release|Any CPU
		{AB189D7C-7481-4B57-9DAF-ACC9B6B75735}.Release|Any CPU.Build.0 = Release|Any CPU
	EndGlobalSection
	GlobalSection(SolutionProperties) = preSolution
		HideSolutionNode = FALSE
	EndGlobalSection
	GlobalSection(ExtensibilityGlobals) = postSolution
		SolutionGuid = {0586CEFA-74FB-4C39-883B-67183D3F5E5C}
	EndGlobalSection
EndGlobal
