
Microsoft Visual Studio Solution File, Format Version 12.00
# Visual Studio Version 16
VisualStudioVersion = 16.0.30523.141
MinimumVisualStudioVersion = 10.0.40219.1
Project("{9A19103F-16F7-4668-BE54-9A1E7A4F7556}") = "n0tFlix.Subtitles.SubDivX", "n0tFlix.Subtitles.SubDivX.csproj", "{500EA7A0-38DF-4D20-98EA-FA34CD300E65}"
EndProject
Global
	GlobalSection(SolutionConfigurationPlatforms) = preSolution
		Debug|Any CPU = Debug|Any CPU
		Release|Any CPU = Release|Any CPU
	EndGlobalSection
	GlobalSection(ProjectConfigurationPlatforms) = postSolution
		{500EA7A0-38DF-4D20-98EA-FA34CD300E65}.Debug|Any CPU.ActiveCfg = Debug|Any CPU
		{500EA7A0-38DF-4D20-98EA-FA34CD300E65}.Debug|Any CPU.Build.0 = Debug|Any CPU
		{500EA7A0-38DF-4D20-98EA-FA34CD300E65}.Release|Any CPU.ActiveCfg = Release|Any CPU
		{500EA7A0-38DF-4D20-98EA-FA34CD300E65}.Release|Any CPU.Build.0 = Release|Any CPU
	EndGlobalSection
	GlobalSection(SolutionProperties) = preSolution
		HideSolutionNode = FALSE
	EndGlobalSection
	GlobalSection(ExtensibilityGlobals) = postSolution
		SolutionGuid = {DAD2270B-7141-4C1F-81C7-3C24ED731751}
	EndGlobalSection
EndGlobal
